
Microsoft Visual Studio Solution File, Format Version 12.00
# Visual Studio Version 16
Project("{8BC9CEB8-8B4A-11D0-8D11-00A0C91BC942}") = "PluginInteropUnityCUDA", "PluginInteropUnityCUDA\PluginInteropUnityCUDA.vcxproj", "{CBF6089A-B7F0-31EC-A05D-C8FC8CF69758}"
EndProject
Project("{8BC9CEB8-8B4A-11D0-8D11-00A0C91BC942}") = "SampleBasic", "SampleBasic\SampleBasic.vcxproj", "{69EB4E10-D5A0-C705-5E95-C1DCCA49BE09}"
EndProject
Project("{8BC9CEB8-8B4A-11D0-8D11-00A0C91BC942}") = "Utilities", "Utilities\Utilities.vcxproj", "{010A8043-6D74-34BA-B6B2-E55F225C120F}"
EndProject
Global
	GlobalSection(SolutionConfigurationPlatforms) = preSolution
		Debug|x64 = Debug|x64
		Release|x64 = Release|x64
	EndGlobalSection
	GlobalSection(ProjectConfigurationPlatforms) = postSolution
		{CBF6089A-B7F0-31EC-A05D-C8FC8CF69758}.Debug|x64.ActiveCfg = Debug|x64
		{CBF6089A-B7F0-31EC-A05D-C8FC8CF69758}.Debug|x64.Build.0 = Debug|x64
		{CBF6089A-B7F0-31EC-A05D-C8FC8CF69758}.Release|x64.ActiveCfg = Release|x64
		{CBF6089A-B7F0-31EC-A05D-C8FC8CF69758}.Release|x64.Build.0 = Release|x64
		{69EB4E10-D5A0-C705-5E95-C1DCCA49BE09}.Debug|x64.ActiveCfg = Debug|x64
		{69EB4E10-D5A0-C705-5E95-C1DCCA49BE09}.Debug|x64.Build.0 = Debug|x64
		{69EB4E10-D5A0-C705-5E95-C1DCCA49BE09}.Release|x64.ActiveCfg = Release|x64
		{69EB4E10-D5A0-C705-5E95-C1DCCA49BE09}.Release|x64.Build.0 = Release|x64
		{010A8043-6D74-34BA-B6B2-E55F225C120F}.Debug|x64.ActiveCfg = Debug|x64
		{010A8043-6D74-34BA-B6B2-E55F225C120F}.Debug|x64.Build.0 = Debug|x64
		{010A8043-6D74-34BA-B6B2-E55F225C120F}.Release|x64.ActiveCfg = Release|x64
		{010A8043-6D74-34BA-B6B2-E55F225C120F}.Release|x64.Build.0 = Release|x64
	EndGlobalSection
	GlobalSection(SolutionProperties) = preSolution
		HideSolutionNode = FALSE
	EndGlobalSection
EndGlobal
